
Microsoft Visual Studio Solution File, Format Version 12.00
# Visual Studio 2013
VisualStudioVersion = 12.0.21005.1
MinimumVisualStudioVersion = 10.0.40219.1
Project("{FAE04EC0-301F-11D3-BF4B-00C04F79EFBC}") = "NondeterministicVM.UI", "NondeterministicVM\NondeterministicVM.UI.csproj", "{6454F5E9-90B0-49E3-818C-AC288C6472EC}"
EndProject
Project("{FAE04EC0-301F-11D3-BF4B-00C04F79EFBC}") = "NondeterministicVM.BLL", "NondeterministicVM.BLL\NondeterministicVM.BLL.csproj", "{58100B48-EDE4-4EF9-99FE-74F3C09378CE}"
EndProject
Project("{FAE04EC0-301F-11D3-BF4B-00C04F79EFBC}") = "NondeterministicVM.Tests", "NondeterministicVM.Tests\NondeterministicVM.Tests.csproj", "{21FC2917-5400-4566-9181-2BD0C72EE0BE}"
EndProject
Project("{FAE04EC0-301F-11D3-BF4B-00C04F79EFBC}") = "NondeterministicVM.Assembler", "NondeterministicVM.Assembler\NondeterministicVM.Assembler.csproj", "{B474D44A-1318-42CF-91CF-076CEDE10079}"
EndProject
Global
	GlobalSection(SolutionConfigurationPlatforms) = preSolution
		Debug|Any CPU = Debug|Any CPU
		Release|Any CPU = Release|Any CPU
	EndGlobalSection
	GlobalSection(ProjectConfigurationPlatforms) = postSolution
		{6454F5E9-90B0-49E3-818C-AC288C6472EC}.Debug|Any CPU.ActiveCfg = Debug|Any CPU
		{6454F5E9-90B0-49E3-818C-AC288C6472EC}.Debug|Any CPU.Build.0 = Debug|Any CPU
		{6454F5E9-90B0-49E3-818C-AC288C6472EC}.Release|Any CPU.ActiveCfg = Release|Any CPU
		{6454F5E9-90B0-49E3-818C-AC288C6472EC}.Release|Any CPU.Build.0 = Release|Any CPU
		{58100B48-EDE4-4EF9-99FE-74F3C09378CE}.Debug|Any CPU.ActiveCfg = Debug|Any CPU
		{58100B48-EDE4-4EF9-99FE-74F3C09378CE}.Debug|Any CPU.Build.0 = Debug|Any CPU
		{58100B48-EDE4-4EF9-99FE-74F3C09378CE}.Release|Any CPU.ActiveCfg = Release|Any CPU
		{58100B48-EDE4-4EF9-99FE-74F3C09378CE}.Release|Any CPU.Build.0 = Release|Any CPU
		{21FC2917-5400-4566-9181-2BD0C72EE0BE}.Debug|Any CPU.ActiveCfg = Debug|Any CPU
		{21FC2917-5400-4566-9181-2BD0C72EE0BE}.Debug|Any CPU.Build.0 = Debug|Any CPU
		{21FC2917-5400-4566-9181-2BD0C72EE0BE}.Release|Any CPU.ActiveCfg = Release|Any CPU
		{21FC2917-5400-4566-9181-2BD0C72EE0BE}.Release|Any CPU.Build.0 = Release|Any CPU
		{B474D44A-1318-42CF-91CF-076CEDE10079}.Debug|Any CPU.ActiveCfg = Debug|Any CPU
		{B474D44A-1318-42CF-91CF-076CEDE10079}.Debug|Any CPU.Build.0 = Debug|Any CPU
		{B474D44A-1318-42CF-91CF-076CEDE10079}.Release|Any CPU.ActiveCfg = Release|Any CPU
		{B474D44A-1318-42CF-91CF-076CEDE10079}.Release|Any CPU.Build.0 = Release|Any CPU
	EndGlobalSection
	GlobalSection(SolutionProperties) = preSolution
		HideSolutionNode = FALSE
	EndGlobalSection
EndGlobal
